
Microsoft Visual Studio Solution File, Format Version 12.00
# Visual Studio Version 17
VisualStudioVersion = 17.6.33723.286
MinimumVisualStudioVersion = 10.0.40219.1
Project("{8BC9CEB8-8B4A-11D0-8D11-00A0C91BC942}") = "CTP_CPP_Note", "CTP_CPP_Note\CTP_CPP_Note.vcxproj", "{44D707FD-52BD-4E1C-87B7-D994EF456363}"
	ProjectSection(ProjectDependencies) = postProject
		{D4B870BF-64F8-4395-8CA9-72D2FD09E0AF} = {D4B870BF-64F8-4395-8CA9-72D2FD09E0AF}
	EndProjectSection
EndProject
Project("{8BC9CEB8-8B4A-11D0-8D11-00A0C91BC942}") = "MarketApi", "MarketApi\MarketApi.vcxproj", "{D4B870BF-64F8-4395-8CA9-72D2FD09E0AF}"
EndProject
Project("{8BC9CEB8-8B4A-11D0-8D11-00A0C91BC942}") = "TradeApi", "TradeApi\TradeApi.vcxproj", "{AFC49CC2-4CC0-4B88-8A26-FB124DDA41F7}"
EndProject
Global
	GlobalSection(SolutionConfigurationPlatforms) = preSolution
		Debug|x64 = Debug|x64
		Debug|x86 = Debug|x86
		Release|x64 = Release|x64
		Release|x86 = Release|x86
	EndGlobalSection
	GlobalSection(ProjectConfigurationPlatforms) = postSolution
		{44D707FD-52BD-4E1C-87B7-D994EF456363}.Debug|x64.ActiveCfg = Debug|x64
		{44D707FD-52BD-4E1C-87B7-D994EF456363}.Debug|x64.Build.0 = Debug|x64
		{44D707FD-52BD-4E1C-87B7-D994EF456363}.Debug|x86.ActiveCfg = Debug|Win32
		{44D707FD-52BD-4E1C-87B7-D994EF456363}.Debug|x86.Build.0 = Debug|Win32
		{44D707FD-52BD-4E1C-87B7-D994EF456363}.Release|x64.ActiveCfg = Release|x64
		{44D707FD-52BD-4E1C-87B7-D994EF456363}.Release|x64.Build.0 = Release|x64
		{44D707FD-52BD-4E1C-87B7-D994EF456363}.Release|x86.ActiveCfg = Release|Win32
		{44D707FD-52BD-4E1C-87B7-D994EF456363}.Release|x86.Build.0 = Release|Win32
		{D4B870BF-64F8-4395-8CA9-72D2FD09E0AF}.Debug|x64.ActiveCfg = Debug|x64
		{D4B870BF-64F8-4395-8CA9-72D2FD09E0AF}.Debug|x64.Build.0 = Debug|x64
		{D4B870BF-64F8-4395-8CA9-72D2FD09E0AF}.Debug|x86.ActiveCfg = Debug|Win32
		{D4B870BF-64F8-4395-8CA9-72D2FD09E0AF}.Debug|x86.Build.0 = Debug|Win32
		{D4B870BF-64F8-4395-8CA9-72D2FD09E0AF}.Release|x64.ActiveCfg = Release|x64
		{D4B870BF-64F8-4395-8CA9-72D2FD09E0AF}.Release|x64.Build.0 = Release|x64
		{D4B870BF-64F8-4395-8CA9-72D2FD09E0AF}.Release|x86.ActiveCfg = Release|Win32
		{D4B870BF-64F8-4395-8CA9-72D2FD09E0AF}.Release|x86.Build.0 = Release|Win32
		{AFC49CC2-4CC0-4B88-8A26-FB124DDA41F7}.Debug|x64.ActiveCfg = Debug|x64
		{AFC49CC2-4CC0-4B88-8A26-FB124DDA41F7}.Debug|x64.Build.0 = Debug|x64
		{AFC49CC2-4CC0-4B88-8A26-FB124DDA41F7}.Debug|x86.ActiveCfg = Debug|Win32
		{AFC49CC2-4CC0-4B88-8A26-FB124DDA41F7}.Debug|x86.Build.0 = Debug|Win32
		{AFC49CC2-4CC0-4B88-8A26-FB124DDA41F7}.Release|x64.ActiveCfg = Release|x64
		{AFC49CC2-4CC0-4B88-8A26-FB124DDA41F7}.Release|x64.Build.0 = Release|x64
		{AFC49CC2-4CC0-4B88-8A26-FB124DDA41F7}.Release|x86.ActiveCfg = Release|Win32
		{AFC49CC2-4CC0-4B88-8A26-FB124DDA41F7}.Release|x86.Build.0 = Release|Win32
	EndGlobalSection
	GlobalSection(SolutionProperties) = preSolution
		HideSolutionNode = FALSE
	EndGlobalSection
	GlobalSection(ExtensibilityGlobals) = postSolution
		SolutionGuid = {3990FE55-EFB2-466B-AC9B-700AA00EF550}
	EndGlobalSection
EndGlobal
