
Microsoft Visual Studio Solution File, Format Version 12.00
# Visual Studio Version 17
VisualStudioVersion = 17.6.33723.286
MinimumVisualStudioVersion = 10.0.40219.1
Project("{8BC9CEB8-8B4A-11D0-8D11-00A0C91BC942}") = "CTP_CPP_Note", "CTP_CPP_Note\CTP_CPP_Note.vcxproj", "{44D707FD-52BD-4E1C-87B7-D994EF456363}"
EndProject
Global
	GlobalSection(SolutionConfigurationPlatforms) = preSolution
		Debug|x64 = Debug|x64
		Debug|x86 = Debug|x86
		Release|x64 = Release|x64
		Release|x86 = Release|x86
	EndGlobalSection
	GlobalSection(ProjectConfigurationPlatforms) = postSolution
		{44D707FD-52BD-4E1C-87B7-D994EF456363}.Debug|x64.ActiveCfg = Debug|x64
		{44D707FD-52BD-4E1C-87B7-D994EF456363}.Debug|x64.Build.0 = Debug|x64
		{44D707FD-52BD-4E1C-87B7-D994EF456363}.Debug|x86.ActiveCfg = Debug|Win32
		{44D707FD-52BD-4E1C-87B7-D994EF456363}.Debug|x86.Build.0 = Debug|Win32
		{44D707FD-52BD-4E1C-87B7-D994EF456363}.Release|x64.ActiveCfg = Release|x64
		{44D707FD-52BD-4E1C-87B7-D994EF456363}.Release|x64.Build.0 = Release|x64
		{44D707FD-52BD-4E1C-87B7-D994EF456363}.Release|x86.ActiveCfg = Release|Win32
		{44D707FD-52BD-4E1C-87B7-D994EF456363}.Release|x86.Build.0 = Release|Win32
	EndGlobalSection
	GlobalSection(SolutionProperties) = preSolution
		HideSolutionNode = FALSE
	EndGlobalSection
	GlobalSection(ExtensibilityGlobals) = postSolution
		SolutionGuid = {3990FE55-EFB2-466B-AC9B-700AA00EF550}
	EndGlobalSection
EndGlobal
